
Microsoft Visual Studio Solution File, Format Version 12.00
# Visual Studio Version 16
VisualStudioVersion = 16.0.31321.278
MinimumVisualStudioVersion = 10.0.40219.1
Project("{FAE04EC0-301F-11D3-BF4B-00C04F79EFBC}") = "PriceCalculatorKata", "PriceCalculatorKata\PriceCalculatorKata.csproj", "{C9BFF777-7978-4616-BDA7-71DD7B26BFEF}"
EndProject
Global
	GlobalSection(SolutionConfigurationPlatforms) = preSolution
		Debug|Any CPU = Debug|Any CPU
		Release|Any CPU = Release|Any CPU
	EndGlobalSection
	GlobalSection(ProjectConfigurationPlatforms) = postSolution
		{C9BFF777-7978-4616-BDA7-71DD7B26BFEF}.Debug|Any CPU.ActiveCfg = Debug|Any CPU
		{C9BFF777-7978-4616-BDA7-71DD7B26BFEF}.Debug|Any CPU.Build.0 = Debug|Any CPU
		{C9BFF777-7978-4616-BDA7-71DD7B26BFEF}.Release|Any CPU.ActiveCfg = Release|Any CPU
		{C9BFF777-7978-4616-BDA7-71DD7B26BFEF}.Release|Any CPU.Build.0 = Release|Any CPU
	EndGlobalSection
	GlobalSection(SolutionProperties) = preSolution
		HideSolutionNode = FALSE
	EndGlobalSection
	GlobalSection(ExtensibilityGlobals) = postSolution
		SolutionGuid = {0BF34128-2961-4506-9C7C-DF170F3E5BC8}
	EndGlobalSection
EndGlobal
